// !$*UTF8*$!
{
	archiveVersion = 1;
	classes = {
	};
	objectVersion = 50;
	objects = {

/* Begin PBXBuildFile section */
		2235C21F237CE2010008C67B /* AppDelegate.swift in Sources */ = {isa = PBXBuildFile; fileRef = 2235C21E237CE2010008C67B /* AppDelegate.swift */; };
		2235C221237CE2010008C67B /* SceneDelegate.swift in Sources */ = {isa = PBXBuildFile; fileRef = 2235C220237CE2010008C67B /* SceneDelegate.swift */; };
		2235C226237CE2010008C67B /* Main.storyboard in Resources */ = {isa = PBXBuildFile; fileRef = 2235C224237CE2010008C67B /* Main.storyboard */; };
		2235C229237CE2010008C67B /* GoodNews_RxSwift.xcdatamodeld in Sources */ = {isa = PBXBuildFile; fileRef = 2235C227237CE2010008C67B /* GoodNews_RxSwift.xcdatamodeld */; };
		2235C22B237CE2020008C67B /* Assets.xcassets in Resources */ = {isa = PBXBuildFile; fileRef = 2235C22A237CE2020008C67B /* Assets.xcassets */; };
		2235C22E237CE2020008C67B /* LaunchScreen.storyboard in Resources */ = {isa = PBXBuildFile; fileRef = 2235C22C237CE2020008C67B /* LaunchScreen.storyboard */; };
		2235C236237CE6F80008C67B /* NewsListTableViewController.swift in Sources */ = {isa = PBXBuildFile; fileRef = 2235C235237CE6F80008C67B /* NewsListTableViewController.swift */; };
		2235C238237CE9910008C67B /* Constants.swift in Sources */ = {isa = PBXBuildFile; fileRef = 2235C237237CE9910008C67B /* Constants.swift */; };
		2235C23A237CF1B10008C67B /* Article.swift in Sources */ = {isa = PBXBuildFile; fileRef = 2235C239237CF1B10008C67B /* Article.swift */; };
		59B2253BFDC5A8E93C47FC7E /* Pods_GoodNews_RxSwift.framework in Frameworks */ = {isa = PBXBuildFile; fileRef = CB8B9AACA24EA4078804D7CA /* Pods_GoodNews_RxSwift.framework */; };
/* End PBXBuildFile section */

/* Begin PBXFileReference section */
		2235C21B237CE2010008C67B /* GoodNews_RxSwift.app */ = {isa = PBXFileReference; explicitFileType = wrapper.application; includeInIndex = 0; path = GoodNews_RxSwift.app; sourceTree = BUILT_PRODUCTS_DIR; };
		2235C21E237CE2010008C67B /* AppDelegate.swift */ = {isa = PBXFileReference; lastKnownFileType = sourcecode.swift; path = AppDelegate.swift; sourceTree = "<group>"; };
		2235C220237CE2010008C67B /* SceneDelegate.swift */ = {isa = PBXFileReference; lastKnownFileType = sourcecode.swift; path = SceneDelegate.swift; sourceTree = "<group>"; };
		2235C225237CE2010008C67B /* Base */ = {isa = PBXFileReference; lastKnownFileType = file.storyboard; name = Base; path = Base.lproj/Main.storyboard; sourceTree = "<group>"; };
		2235C228237CE2010008C67B /* GoodNews_RxSwift.xcdatamodel */ = {isa = PBXFileReference; lastKnownFileType = wrapper.xcdatamodel; path = GoodNews_RxSwift.xcdatamodel; sourceTree = "<group>"; };
		2235C22A237CE2020008C67B /* Assets.xcassets */ = {isa = PBXFileReference; lastKnownFileType = folder.assetcatalog; path = Assets.xcassets; sourceTree = "<group>"; };
		2235C22D237CE2020008C67B /* Base */ = {isa = PBXFileReference; lastKnownFileType = file.storyboard; name = Base; path = Base.lproj/LaunchScreen.storyboard; sourceTree = "<group>"; };
		2235C22F237CE2020008C67B /* Info.plist */ = {isa = PBXFileReference; lastKnownFileType = text.plist.xml; path = Info.plist; sourceTree = "<group>"; };
		2235C235237CE6F80008C67B /* NewsListTableViewController.swift */ = {isa = PBXFileReference; lastKnownFileType = sourcecode.swift; path = NewsListTableViewController.swift; sourceTree = "<group>"; };
		2235C237237CE9910008C67B /* Constants.swift */ = {isa = PBXFileReference; fileEncoding = 4; lastKnownFileType = sourcecode.swift; path = Constants.swift; sourceTree = "<group>"; };
		2235C239237CF1B10008C67B /* Article.swift */ = {isa = PBXFileReference; lastKnownFileType = sourcecode.swift; path = Article.swift; sourceTree = "<group>"; };
		4CD87FF7B57654B4D0499437 /* Pods-GoodNews_RxSwift.release.xcconfig */ = {isa = PBXFileReference; includeInIndex = 1; lastKnownFileType = text.xcconfig; name = "Pods-GoodNews_RxSwift.release.xcconfig"; path = "Target Support Files/Pods-GoodNews_RxSwift/Pods-GoodNews_RxSwift.release.xcconfig"; sourceTree = "<group>"; };
		CB8B9AACA24EA4078804D7CA /* Pods_GoodNews_RxSwift.framework */ = {isa = PBXFileReference; explicitFileType = wrapper.framework; includeInIndex = 0; path = Pods_GoodNews_RxSwift.framework; sourceTree = BUILT_PRODUCTS_DIR; };
		E6DD9C55065FFE40A7C5002E /* Pods-GoodNews_RxSwift.debug.xcconfig */ = {isa = PBXFileReference; includeInIndex = 1; lastKnownFileType = text.xcconfig; name = "Pods-GoodNews_RxSwift.debug.xcconfig"; path = "Target Support Files/Pods-GoodNews_RxSwift/Pods-GoodNews_RxSwift.debug.xcconfig"; sourceTree = "<group>"; };
/* End PBXFileReference section */

/* Begin PBXFrameworksBuildPhase section */
		2235C218237CE2010008C67B /* Frameworks */ = {
			isa = PBXFrameworksBuildPhase;
			buildActionMask = 2147483647;
			files = (
				59B2253BFDC5A8E93C47FC7E /* Pods_GoodNews_RxSwift.framework in Frameworks */,
			);
			runOnlyForDeploymentPostprocessing = 0;
		};
/* End PBXFrameworksBuildPhase section */

/* Begin PBXGroup section */
		2235C212237CE2010008C67B = {
			isa = PBXGroup;
			children = (
				2235C21D237CE2010008C67B /* GoodNews_RxSwift */,
				2235C21C237CE2010008C67B /* Products */,
				C3AC44A1D46AAD5AB3B3F88B /* Pods */,
				DDCCF782A9D01853D4DADBB8 /* Frameworks */,
			);
			sourceTree = "<group>";
		};
		2235C21C237CE2010008C67B /* Products */ = {
			isa = PBXGroup;
			children = (
				2235C21B237CE2010008C67B /* GoodNews_RxSwift.app */,
			);
			name = Products;
			sourceTree = "<group>";
		};
		2235C21D237CE2010008C67B /* GoodNews_RxSwift */ = {
			isa = PBXGroup;
			children = (
				2235C23B237CF1D00008C67B /* Models */,
				2235C21E237CE2010008C67B /* AppDelegate.swift */,
				2235C220237CE2010008C67B /* SceneDelegate.swift */,
				2235C224237CE2010008C67B /* Main.storyboard */,
				2235C22A237CE2020008C67B /* Assets.xcassets */,
				2235C22C237CE2020008C67B /* LaunchScreen.storyboard */,
				2235C22F237CE2020008C67B /* Info.plist */,
				2235C227237CE2010008C67B /* GoodNews_RxSwift.xcdatamodeld */,
				2235C235237CE6F80008C67B /* NewsListTableViewController.swift */,
				2235C237237CE9910008C67B /* Constants.swift */,
			);
			path = GoodNews_RxSwift;
			sourceTree = "<group>";
		};
		2235C23B237CF1D00008C67B /* Models */ = {
			isa = PBXGroup;
			children = (
				2235C239237CF1B10008C67B /* Article.swift */,
			);
			path = Models;
			sourceTree = "<group>";
		};
		C3AC44A1D46AAD5AB3B3F88B /* Pods */ = {
			isa = PBXGroup;
			children = (
				E6DD9C55065FFE40A7C5002E /* Pods-GoodNews_RxSwift.debug.xcconfig */,
				4CD87FF7B57654B4D0499437 /* Pods-GoodNews_RxSwift.release.xcconfig */,
			);
			path = Pods;
			sourceTree = "<group>";
		};
		DDCCF782A9D01853D4DADBB8 /* Frameworks */ = {
			isa = PBXGroup;
			children = (
				CB8B9AACA24EA4078804D7CA /* Pods_GoodNews_RxSwift.framework */,
			);
			name = Frameworks;
			sourceTree = "<group>";
		};
/* End PBXGroup section */

/* Begin PBXNativeTarget section */
		2235C21A237CE2010008C67B /* GoodNews_RxSwift */ = {
			isa = PBXNativeTarget;
			buildConfigurationList = 2235C232237CE2020008C67B /* Build configuration list for PBXNativeTarget "GoodNews_RxSwift" */;
			buildPhases = (
				E0E894EA6E1FDBEBA133CC8A /* [CP] Check Pods Manifest.lock */,
				2235C217237CE2010008C67B /* Sources */,
				2235C218237CE2010008C67B /* Frameworks */,
				2235C219237CE2010008C67B /* Resources */,
				312A6C2A9DCA5EFA9B1D0585 /* [CP] Embed Pods Frameworks */,
			);
			buildRules = (
			);
			dependencies = (
			);
			name = GoodNews_RxSwift;
			productName = GoodNews_RxSwift;
			productReference = 2235C21B237CE2010008C67B /* GoodNews_RxSwift.app */;
			productType = "com.apple.product-type.application";
		};
/* End PBXNativeTarget section */

/* Begin PBXProject section */
		2235C213237CE2010008C67B /* Project object */ = {
			isa = PBXProject;
			attributes = {
				LastSwiftUpdateCheck = 1100;
				LastUpgradeCheck = 1100;
				ORGANIZATIONNAME = "DONGGUN LEE";
				TargetAttributes = {
					2235C21A237CE2010008C67B = {
						CreatedOnToolsVersion = 11.0;
					};
				};
			};
			buildConfigurationList = 2235C216237CE2010008C67B /* Build configuration list for PBXProject "GoodNews_RxSwift" */;
			compatibilityVersion = "Xcode 9.3";
			developmentRegion = en;
			hasScannedForEncodings = 0;
			knownRegions = (
				en,
				Base,
			);
			mainGroup = 2235C212237CE2010008C67B;
			productRefGroup = 2235C21C237CE2010008C67B /* Products */;
			projectDirPath = "";
			projectRoot = "";
			targets = (
				2235C21A237CE2010008C67B /* GoodNews_RxSwift */,
			);
		};
/* End PBXProject section */

/* Begin PBXResourcesBuildPhase section */
		2235C219237CE2010008C67B /* Resources */ = {
			isa = PBXResourcesBuildPhase;
			buildActionMask = 2147483647;
			files = (
				2235C22E237CE2020008C67B /* LaunchScreen.storyboard in Resources */,
				2235C22B237CE2020008C67B /* Assets.xcassets in Resources */,
				2235C226237CE2010008C67B /* Main.storyboard in Resources */,
			);
			runOnlyForDeploymentPostprocessing = 0;
		};
/* End PBXResourcesBuildPhase section */

/* Begin PBXShellScriptBuildPhase section */
		312A6C2A9DCA5EFA9B1D0585 /* [CP] Embed Pods Frameworks */ = {
			isa = PBXShellScriptBuildPhase;
			buildActionMask = 2147483647;
			files = (
			);
			inputFileListPaths = (
			);
			inputPaths = (
				"${PODS_ROOT}/Target Support Files/Pods-GoodNews_RxSwift/Pods-GoodNews_RxSwift-frameworks.sh",
				"${BUILT_PRODUCTS_DIR}/RxCocoa/RxCocoa.framework",
				"${BUILT_PRODUCTS_DIR}/RxSwift/RxSwift.framework",
			);
			name = "[CP] Embed Pods Frameworks";
			outputFileListPaths = (
			);
			outputPaths = (
				"${TARGET_BUILD_DIR}/${FRAMEWORKS_FOLDER_PATH}/RxCocoa.framework",
				"${TARGET_BUILD_DIR}/${FRAMEWORKS_FOLDER_PATH}/RxSwift.framework",
			);
			runOnlyForDeploymentPostprocessing = 0;
			shellPath = /bin/sh;
			shellScript = "\"${PODS_ROOT}/Target Support Files/Pods-GoodNews_RxSwift/Pods-GoodNews_RxSwift-frameworks.sh\"\n";
			showEnvVarsInLog = 0;
		};
		E0E894EA6E1FDBEBA133CC8A /* [CP] Check Pods Manifest.lock */ = {
			isa = PBXShellScriptBuildPhase;
			buildActionMask = 2147483647;
			files = (
			);
			inputFileListPaths = (
			);
			inputPaths = (
				"${PODS_PODFILE_DIR_PATH}/Podfile.lock",
				"${PODS_ROOT}/Manifest.lock",
			);
			name = "[CP] Check Pods Manifest.lock";
			outputFileListPaths = (
			);
			outputPaths = (
				"$(DERIVED_FILE_DIR)/Pods-GoodNews_RxSwift-checkManifestLockResult.txt",
			);
			runOnlyForDeploymentPostprocessing = 0;
			shellPath = /bin/sh;
			shellScript = "diff \"${PODS_PODFILE_DIR_PATH}/Podfile.lock\" \"${PODS_ROOT}/Manifest.lock\" > /dev/null\nif [ $? != 0 ] ; then\n    # print error to STDERR\n    echo \"error: The sandbox is not in sync with the Podfile.lock. Run 'pod install' or update your CocoaPods installation.\" >&2\n    exit 1\nfi\n# This output is used by Xcode 'outputs' to avoid re-running this script phase.\necho \"SUCCESS\" > \"${SCRIPT_OUTPUT_FILE_0}\"\n";
			showEnvVarsInLog = 0;
		};
/* End PBXShellScriptBuildPhase section */

/* Begin PBXSourcesBuildPhase section */
		2235C217237CE2010008C67B /* Sources */ = {
			isa = PBXSourcesBuildPhase;
			buildActionMask = 2147483647;
			files = (
				2235C238237CE9910008C67B /* Constants.swift in Sources */,
				2235C236237CE6F80008C67B /* NewsListTableViewController.swift in Sources */,
				2235C23A237CF1B10008C67B /* Article.swift in Sources */,
				2235C229237CE2010008C67B /* GoodNews_RxSwift.xcdatamodeld in Sources */,
				2235C21F237CE2010008C67B /* AppDelegate.swift in Sources */,
				2235C221237CE2010008C67B /* SceneDelegate.swift in Sources */,
			);
			runOnlyForDeploymentPostprocessing = 0;
		};
/* End PBXSourcesBuildPhase section */

/* Begin PBXVariantGroup section */
		2235C224237CE2010008C67B /* Main.storyboard */ = {
			isa = PBXVariantGroup;
			children = (
				2235C225237CE2010008C67B /* Base */,
			);
			name = Main.storyboard;
			sourceTree = "<group>";
		};
		2235C22C237CE2020008C67B /* LaunchScreen.storyboard */ = {
			isa = PBXVariantGroup;
			children = (
				2235C22D237CE2020008C67B /* Base */,
			);
			name = LaunchScreen.storyboard;
			sourceTree = "<group>";
		};
/* End PBXVariantGroup section */

/* Begin XCBuildConfiguration section */
		2235C230237CE2020008C67B /* Debug */ = {
			isa = XCBuildConfiguration;
			buildSettings = {
				ALWAYS_SEARCH_USER_PATHS = NO;
				CLANG_ANALYZER_NONNULL = YES;
				CLANG_ANALYZER_NUMBER_OBJECT_CONVERSION = YES_AGGRESSIVE;
				CLANG_CXX_LANGUAGE_STANDARD = "gnu++14";
				CLANG_CXX_LIBRARY = "libc++";
				CLANG_ENABLE_MODULES = YES;
				CLANG_ENABLE_OBJC_ARC = YES;
				CLANG_ENABLE_OBJC_WEAK = YES;
				CLANG_WARN_BLOCK_CAPTURE_AUTORELEASING = YES;
				CLANG_WARN_BOOL_CONVERSION = YES;
				CLANG_WARN_COMMA = YES;
				CLANG_WARN_CONSTANT_CONVERSION = YES;
				CLANG_WARN_DEPRECATED_OBJC_IMPLEMENTATIONS = YES;
				CLANG_WARN_DIRECT_OBJC_ISA_USAGE = YES_ERROR;
				CLANG_WARN_DOCUMENTATION_COMMENTS = YES;
				CLANG_WARN_EMPTY_BODY = YES;
				CLANG_WARN_ENUM_CONVERSION = YES;
				CLANG_WARN_INFINITE_RECURSION = YES;
				CLANG_WARN_INT_CONVERSION = YES;
				CLANG_WARN_NON_LITERAL_NULL_CONVERSION = YES;
				CLANG_WARN_OBJC_IMPLICIT_RETAIN_SELF = YES;
				CLANG_WARN_OBJC_LITERAL_CONVERSION = YES;
				CLANG_WARN_OBJC_ROOT_CLASS = YES_ERROR;
				CLANG_WARN_RANGE_LOOP_ANALYSIS = YES;
				CLANG_WARN_STRICT_PROTOTYPES = YES;
				CLANG_WARN_SUSPICIOUS_MOVE = YES;
				CLANG_WARN_UNGUARDED_AVAILABILITY = YES_AGGRESSIVE;
				CLANG_WARN_UNREACHABLE_CODE = YES;
				CLANG_WARN__DUPLICATE_METHOD_MATCH = YES;
				COPY_PHASE_STRIP = NO;
				DEBUG_INFORMATION_FORMAT = dwarf;
				ENABLE_STRICT_OBJC_MSGSEND = YES;
				ENABLE_TESTABILITY = YES;
				GCC_C_LANGUAGE_STANDARD = gnu11;
				GCC_DYNAMIC_NO_PIC = NO;
				GCC_NO_COMMON_BLOCKS = YES;
				GCC_OPTIMIZATION_LEVEL = 0;
				GCC_PREPROCESSOR_DEFINITIONS = (
					"DEBUG=1",
					"$(inherited)",
				);
				GCC_WARN_64_TO_32_BIT_CONVERSION = YES;
				GCC_WARN_ABOUT_RETURN_TYPE = YES_ERROR;
				GCC_WARN_UNDECLARED_SELECTOR = YES;
				GCC_WARN_UNINITIALIZED_AUTOS = YES_AGGRESSIVE;
				GCC_WARN_UNUSED_FUNCTION = YES;
				GCC_WARN_UNUSED_VARIABLE = YES;
				IPHONEOS_DEPLOYMENT_TARGET = 13.0;
				MTL_ENABLE_DEBUG_INFO = INCLUDE_SOURCE;
				MTL_FAST_MATH = YES;
				ONLY_ACTIVE_ARCH = YES;
				SDKROOT = iphoneos;
				SWIFT_ACTIVE_COMPILATION_CONDITIONS = DEBUG;
				SWIFT_OPTIMIZATION_LEVEL = "-Onone";
			};
			name = Debug;
		};
		2235C231237CE2020008C67B /* Release */ = {
			isa = XCBuildConfiguration;
			buildSettings = {
				ALWAYS_SEARCH_USER_PATHS = NO;
				CLANG_ANALYZER_NONNULL = YES;
				CLANG_ANALYZER_NUMBER_OBJECT_CONVERSION = YES_AGGRESSIVE;
				CLANG_CXX_LANGUAGE_STANDARD = "gnu++14";
				CLANG_CXX_LIBRARY = "libc++";
				CLANG_ENABLE_MODULES = YES;
				CLANG_ENABLE_OBJC_ARC = YES;
				CLANG_ENABLE_OBJC_WEAK = YES;
				CLANG_WARN_BLOCK_CAPTURE_AUTORELEASING = YES;
				CLANG_WARN_BOOL_CONVERSION = YES;
				CLANG_WARN_COMMA = YES;
				CLANG_WARN_CONSTANT_CONVERSION = YES;
				CLANG_WARN_DEPRECATED_OBJC_IMPLEMENTATIONS = YES;
				CLANG_WARN_DIRECT_OBJC_ISA_USAGE = YES_ERROR;
				CLANG_WARN_DOCUMENTATION_COMMENTS = YES;
				CLANG_WARN_EMPTY_BODY = YES;
				CLANG_WARN_ENUM_CONVERSION = YES;
				CLANG_WARN_INFINITE_RECURSION = YES;
				CLANG_WARN_INT_CONVERSION = YES;
				CLANG_WARN_NON_LITERAL_NULL_CONVERSION = YES;
				CLANG_WARN_OBJC_IMPLICIT_RETAIN_SELF = YES;
				CLANG_WARN_OBJC_LITERAL_CONVERSION = YES;
				CLANG_WARN_OBJC_ROOT_CLASS = YES_ERROR;
				CLANG_WARN_RANGE_LOOP_ANALYSIS = YES;
				CLANG_WARN_STRICT_PROTOTYPES = YES;
				CLANG_WARN_SUSPICIOUS_MOVE = YES;
				CLANG_WARN_UNGUARDED_AVAILABILITY = YES_AGGRESSIVE;
				CLANG_WARN_UNREACHABLE_CODE = YES;
				CLANG_WARN__DUPLICATE_METHOD_MATCH = YES;
				COPY_PHASE_STRIP = NO;
				DEBUG_INFORMATION_FORMAT = "dwarf-with-dsym";
				ENABLE_NS_ASSERTIONS = NO;
				ENABLE_STRICT_OBJC_MSGSEND = YES;
				GCC_C_LANGUAGE_STANDARD = gnu11;
				GCC_NO_COMMON_BLOCKS = YES;
				GCC_WARN_64_TO_32_BIT_CONVERSION = YES;
				GCC_WARN_ABOUT_RETURN_TYPE = YES_ERROR;
				GCC_WARN_UNDECLARED_SELECTOR = YES;
				GCC_WARN_UNINITIALIZED_AUTOS = YES_AGGRESSIVE;
				GCC_WARN_UNUSED_FUNCTION = YES;
				GCC_WARN_UNUSED_VARIABLE = YES;
				IPHONEOS_DEPLOYMENT_TARGET = 13.0;
				MTL_ENABLE_DEBUG_INFO = NO;
				MTL_FAST_MATH = YES;
				SDKROOT = iphoneos;
				SWIFT_COMPILATION_MODE = wholemodule;
				SWIFT_OPTIMIZATION_LEVEL = "-O";
				VALIDATE_PRODUCT = YES;
			};
			name = Release;
		};
		2235C233237CE2020008C67B /* Debug */ = {
			isa = XCBuildConfiguration;
			baseConfigurationReference = E6DD9C55065FFE40A7C5002E /* Pods-GoodNews_RxSwift.debug.xcconfig */;
			buildSettings = {
				ASSETCATALOG_COMPILER_APPICON_NAME = AppIcon;
				CODE_SIGN_STYLE = Automatic;
				DEVELOPMENT_TEAM = DE97A6B9N7;
				INFOPLIST_FILE = GoodNews_RxSwift/Info.plist;
				LD_RUNPATH_SEARCH_PATHS = (
					"$(inherited)",
					"@executable_path/Frameworks",
				);
				PRODUCT_BUNDLE_IDENTIFIER = "LDG.GoodNews-RxSwift";
				PRODUCT_NAME = "$(TARGET_NAME)";
				SWIFT_VERSION = 5.0;
				TARGETED_DEVICE_FAMILY = "1,2";
			};
			name = Debug;
		};
		2235C234237CE2020008C67B /* Release */ = {
			isa = XCBuildConfiguration;
			baseConfigurationReference = 4CD87FF7B57654B4D0499437 /* Pods-GoodNews_RxSwift.release.xcconfig */;
			buildSettings = {
				ASSETCATALOG_COMPILER_APPICON_NAME = AppIcon;
				CODE_SIGN_STYLE = Automatic;
				DEVELOPMENT_TEAM = DE97A6B9N7;
				INFOPLIST_FILE = GoodNews_RxSwift/Info.plist;
				LD_RUNPATH_SEARCH_PATHS = (
					"$(inherited)",
					"@executable_path/Frameworks",
				);
				PRODUCT_BUNDLE_IDENTIFIER = "LDG.GoodNews-RxSwift";
				PRODUCT_NAME = "$(TARGET_NAME)";
				SWIFT_VERSION = 5.0;
				TARGETED_DEVICE_FAMILY = "1,2";
			};
			name = Release;
		};
/* End XCBuildConfiguration section */

/* Begin XCConfigurationList section */
		2235C216237CE2010008C67B /* Build configuration list for PBXProject "GoodNews_RxSwift" */ = {
			isa = XCConfigurationList;
			buildConfigurations = (
				2235C230237CE2020008C67B /* Debug */,
				2235C231237CE2020008C67B /* Release */,
			);
			defaultConfigurationIsVisible = 0;
			defaultConfigurationName = Release;
		};
		2235C232237CE2020008C67B /* Build configuration list for PBXNativeTarget "GoodNews_RxSwift" */ = {
			isa = XCConfigurationList;
			buildConfigurations = (
				2235C233237CE2020008C67B /* Debug */,
				2235C234237CE2020008C67B /* Release */,
			);
			defaultConfigurationIsVisible = 0;
			defaultConfigurationName = Release;
		};
/* End XCConfigurationList section */

/* Begin XCVersionGroup section */
		2235C227237CE2010008C67B /* GoodNews_RxSwift.xcdatamodeld */ = {
			isa = XCVersionGroup;
			children = (
				2235C228237CE2010008C67B /* GoodNews_RxSwift.xcdatamodel */,
			);
			currentVersion = 2235C228237CE2010008C67B /* GoodNews_RxSwift.xcdatamodel */;
			path = GoodNews_RxSwift.xcdatamodeld;
			sourceTree = "<group>";
			versionGroupType = wrapper.xcdatamodel;
		};
/* End XCVersionGroup section */
	};
	rootObject = 2235C213237CE2010008C67B /* Project object */;
}
